// !$*UTF8*$!
{
	archiveVersion = 1;
	classes = {
	};
	objectVersion = 56;
	objects = {

/* Begin PBXBuildFile section */
		85208BB82AAA303E00127E3E /* HTTPStatusCode.swift in Sources */ = {isa = PBXBuildFile; fileRef = 85208BB72AAA303E00127E3E /* HTTPStatusCode.swift */; };
		85208BC52AAA360900127E3E /* Data+Extension.swift in Sources */ = {isa = PBXBuildFile; fileRef = 85208BC42AAA360900127E3E /* Data+Extension.swift */; };
		85208BC72AAA362600127E3E /* String+Extension.swift in Sources */ = {isa = PBXBuildFile; fileRef = 85208BC62AAA362600127E3E /* String+Extension.swift */; };
		85208BC92AAA365400127E3E /* UIColor+Extension.swift in Sources */ = {isa = PBXBuildFile; fileRef = 85208BC82AAA365400127E3E /* UIColor+Extension.swift */; };
		85208BCB2AAA368300127E3E /* UIFont+Extension.swift in Sources */ = {isa = PBXBuildFile; fileRef = 85208BCA2AAA368300127E3E /* UIFont+Extension.swift */; };
		85208BCD2AAA369500127E3E /* UIImage+Extension.swift in Sources */ = {isa = PBXBuildFile; fileRef = 85208BCC2AAA369500127E3E /* UIImage+Extension.swift */; };
		85208BCF2AAA439300127E3E /* ServiceManager.swift in Sources */ = {isa = PBXBuildFile; fileRef = 85208BCE2AAA439300127E3E /* ServiceManager.swift */; };
		85208BD12AAA453E00127E3E /* NetworkError.swift in Sources */ = {isa = PBXBuildFile; fileRef = 85208BD02AAA453E00127E3E /* NetworkError.swift */; };
		853F12C02A9823E700D46F0A /* AppDelegate.swift in Sources */ = {isa = PBXBuildFile; fileRef = 853F12BF2A9823E700D46F0A /* AppDelegate.swift */; };
		853F12C22A9823E700D46F0A /* SceneDelegate.swift in Sources */ = {isa = PBXBuildFile; fileRef = 853F12C12A9823E700D46F0A /* SceneDelegate.swift */; };
		853F12C42A9823E700D46F0A /* SplashController.swift in Sources */ = {isa = PBXBuildFile; fileRef = 853F12C32A9823E700D46F0A /* SplashController.swift */; };
		853F12C92A9823E800D46F0A /* Assets.xcassets in Resources */ = {isa = PBXBuildFile; fileRef = 853F12C82A9823E800D46F0A /* Assets.xcassets */; };
		853F12CC2A9823E800D46F0A /* LaunchScreen.storyboard in Resources */ = {isa = PBXBuildFile; fileRef = 853F12CA2A9823E800D46F0A /* LaunchScreen.storyboard */; };
		853F12D72A9823E800D46F0A /* movies_appTests.swift in Sources */ = {isa = PBXBuildFile; fileRef = 853F12D62A9823E800D46F0A /* movies_appTests.swift */; };
		853F12E12A9823E800D46F0A /* movies_appUITests.swift in Sources */ = {isa = PBXBuildFile; fileRef = 853F12E02A9823E800D46F0A /* movies_appUITests.swift */; };
		853F12E32A9823E800D46F0A /* movies_appUITestsLaunchTests.swift in Sources */ = {isa = PBXBuildFile; fileRef = 853F12E22A9823E800D46F0A /* movies_appUITestsLaunchTests.swift */; };
		853F12F22A98266600D46F0A /* SplashScreen.swift in Sources */ = {isa = PBXBuildFile; fileRef = 853F12F12A98266600D46F0A /* SplashScreen.swift */; };
		853F12F52A982C8D00D46F0A /* HomeScreen.swift in Sources */ = {isa = PBXBuildFile; fileRef = 853F12F42A982C8D00D46F0A /* HomeScreen.swift */; };
		853F12F72A982CC400D46F0A /* HomeViewController.swift in Sources */ = {isa = PBXBuildFile; fileRef = 853F12F62A982CC400D46F0A /* HomeViewController.swift */; };
		853F12F92A9831B400D46F0A /* HomeViewModel.swift in Sources */ = {isa = PBXBuildFile; fileRef = 853F12F82A9831B400D46F0A /* HomeViewModel.swift */; };
		853F12FD2A98375500D46F0A /* HomeServices.swift in Sources */ = {isa = PBXBuildFile; fileRef = 853F12FC2A98375500D46F0A /* HomeServices.swift */; };
		8557226B2AAFC4AA006FFD0A /* HttpMethod.swift in Sources */ = {isa = PBXBuildFile; fileRef = 8557226A2AAFC4AA006FFD0A /* HttpMethod.swift */; };
		8557226D2AAFC4E1006FFD0A /* NetworkLayer.swift in Sources */ = {isa = PBXBuildFile; fileRef = 8557226C2AAFC4E1006FFD0A /* NetworkLayer.swift */; };
		8557226F2AAFC670006FFD0A /* Endpoint.swift in Sources */ = {isa = PBXBuildFile; fileRef = 8557226E2AAFC670006FFD0A /* Endpoint.swift */; };
		855722712AAFD6E2006FFD0A /* RequestBuilder.swift in Sources */ = {isa = PBXBuildFile; fileRef = 855722702AAFD6E2006FFD0A /* RequestBuilder.swift */; };
		855722732AAFD77F006FFD0A /* DefaultRequestBuilder.swift in Sources */ = {isa = PBXBuildFile; fileRef = 855722722AAFD77F006FFD0A /* DefaultRequestBuilder.swift */; };
		855722762AAFDE14006FFD0A /* NetworkLogger.swift in Sources */ = {isa = PBXBuildFile; fileRef = 855722752AAFDE14006FFD0A /* NetworkLogger.swift */; };
/* End PBXBuildFile section */

/* Begin PBXContainerItemProxy section */
		853F12D32A9823E800D46F0A /* PBXContainerItemProxy */ = {
			isa = PBXContainerItemProxy;
			containerPortal = 853F12B42A9823E700D46F0A /* Project object */;
			proxyType = 1;
			remoteGlobalIDString = 853F12BB2A9823E700D46F0A;
			remoteInfo = movies_app;
		};
		853F12DD2A9823E800D46F0A /* PBXContainerItemProxy */ = {
			isa = PBXContainerItemProxy;
			containerPortal = 853F12B42A9823E700D46F0A /* Project object */;
			proxyType = 1;
			remoteGlobalIDString = 853F12BB2A9823E700D46F0A;
			remoteInfo = movies_app;
		};
/* End PBXContainerItemProxy section */

/* Begin PBXFileReference section */
		85208BB72AAA303E00127E3E /* HTTPStatusCode.swift */ = {isa = PBXFileReference; lastKnownFileType = sourcecode.swift; path = HTTPStatusCode.swift; sourceTree = "<group>"; };
		85208BC42AAA360900127E3E /* Data+Extension.swift */ = {isa = PBXFileReference; lastKnownFileType = sourcecode.swift; path = "Data+Extension.swift"; sourceTree = "<group>"; };
		85208BC62AAA362600127E3E /* String+Extension.swift */ = {isa = PBXFileReference; lastKnownFileType = sourcecode.swift; path = "String+Extension.swift"; sourceTree = "<group>"; };
		85208BC82AAA365400127E3E /* UIColor+Extension.swift */ = {isa = PBXFileReference; lastKnownFileType = sourcecode.swift; path = "UIColor+Extension.swift"; sourceTree = "<group>"; };
		85208BCA2AAA368300127E3E /* UIFont+Extension.swift */ = {isa = PBXFileReference; lastKnownFileType = sourcecode.swift; path = "UIFont+Extension.swift"; sourceTree = "<group>"; };
		85208BCC2AAA369500127E3E /* UIImage+Extension.swift */ = {isa = PBXFileReference; lastKnownFileType = sourcecode.swift; path = "UIImage+Extension.swift"; sourceTree = "<group>"; };
		85208BCE2AAA439300127E3E /* ServiceManager.swift */ = {isa = PBXFileReference; lastKnownFileType = sourcecode.swift; path = ServiceManager.swift; sourceTree = "<group>"; };
		85208BD02AAA453E00127E3E /* NetworkError.swift */ = {isa = PBXFileReference; lastKnownFileType = sourcecode.swift; path = NetworkError.swift; sourceTree = "<group>"; };
		853F12BC2A9823E700D46F0A /* movies_app.app */ = {isa = PBXFileReference; explicitFileType = wrapper.application; includeInIndex = 0; path = movies_app.app; sourceTree = BUILT_PRODUCTS_DIR; };
		853F12BF2A9823E700D46F0A /* AppDelegate.swift */ = {isa = PBXFileReference; lastKnownFileType = sourcecode.swift; path = AppDelegate.swift; sourceTree = "<group>"; };
		853F12C12A9823E700D46F0A /* SceneDelegate.swift */ = {isa = PBXFileReference; lastKnownFileType = sourcecode.swift; path = SceneDelegate.swift; sourceTree = "<group>"; };
		853F12C32A9823E700D46F0A /* SplashController.swift */ = {isa = PBXFileReference; lastKnownFileType = sourcecode.swift; path = SplashController.swift; sourceTree = "<group>"; };
		853F12C82A9823E800D46F0A /* Assets.xcassets */ = {isa = PBXFileReference; lastKnownFileType = folder.assetcatalog; path = Assets.xcassets; sourceTree = "<group>"; };
		853F12CB2A9823E800D46F0A /* Base */ = {isa = PBXFileReference; lastKnownFileType = file.storyboard; name = Base; path = Base.lproj/LaunchScreen.storyboard; sourceTree = "<group>"; };
		853F12CD2A9823E800D46F0A /* Info.plist */ = {isa = PBXFileReference; lastKnownFileType = text.plist.xml; path = Info.plist; sourceTree = "<group>"; };
		853F12D22A9823E800D46F0A /* movies_appTests.xctest */ = {isa = PBXFileReference; explicitFileType = wrapper.cfbundle; includeInIndex = 0; path = movies_appTests.xctest; sourceTree = BUILT_PRODUCTS_DIR; };
		853F12D62A9823E800D46F0A /* movies_appTests.swift */ = {isa = PBXFileReference; lastKnownFileType = sourcecode.swift; path = movies_appTests.swift; sourceTree = "<group>"; };
		853F12DC2A9823E800D46F0A /* movies_appUITests.xctest */ = {isa = PBXFileReference; explicitFileType = wrapper.cfbundle; includeInIndex = 0; path = movies_appUITests.xctest; sourceTree = BUILT_PRODUCTS_DIR; };
		853F12E02A9823E800D46F0A /* movies_appUITests.swift */ = {isa = PBXFileReference; lastKnownFileType = sourcecode.swift; path = movies_appUITests.swift; sourceTree = "<group>"; };
		853F12E22A9823E800D46F0A /* movies_appUITestsLaunchTests.swift */ = {isa = PBXFileReference; lastKnownFileType = sourcecode.swift; path = movies_appUITestsLaunchTests.swift; sourceTree = "<group>"; };
		853F12F12A98266600D46F0A /* SplashScreen.swift */ = {isa = PBXFileReference; lastKnownFileType = sourcecode.swift; path = SplashScreen.swift; sourceTree = "<group>"; };
		853F12F42A982C8D00D46F0A /* HomeScreen.swift */ = {isa = PBXFileReference; lastKnownFileType = sourcecode.swift; path = HomeScreen.swift; sourceTree = "<group>"; };
		853F12F62A982CC400D46F0A /* HomeViewController.swift */ = {isa = PBXFileReference; lastKnownFileType = sourcecode.swift; path = HomeViewController.swift; sourceTree = "<group>"; };
		853F12F82A9831B400D46F0A /* HomeViewModel.swift */ = {isa = PBXFileReference; lastKnownFileType = sourcecode.swift; path = HomeViewModel.swift; sourceTree = "<group>"; };
		853F12FC2A98375500D46F0A /* HomeServices.swift */ = {isa = PBXFileReference; lastKnownFileType = sourcecode.swift; path = HomeServices.swift; sourceTree = "<group>"; };
		8557226A2AAFC4AA006FFD0A /* HttpMethod.swift */ = {isa = PBXFileReference; lastKnownFileType = sourcecode.swift; path = HttpMethod.swift; sourceTree = "<group>"; };
		8557226C2AAFC4E1006FFD0A /* NetworkLayer.swift */ = {isa = PBXFileReference; lastKnownFileType = sourcecode.swift; path = NetworkLayer.swift; sourceTree = "<group>"; };
		8557226E2AAFC670006FFD0A /* Endpoint.swift */ = {isa = PBXFileReference; lastKnownFileType = sourcecode.swift; path = Endpoint.swift; sourceTree = "<group>"; };
		855722702AAFD6E2006FFD0A /* RequestBuilder.swift */ = {isa = PBXFileReference; lastKnownFileType = sourcecode.swift; path = RequestBuilder.swift; sourceTree = "<group>"; };
		855722722AAFD77F006FFD0A /* DefaultRequestBuilder.swift */ = {isa = PBXFileReference; lastKnownFileType = sourcecode.swift; path = DefaultRequestBuilder.swift; sourceTree = "<group>"; };
		855722752AAFDE14006FFD0A /* NetworkLogger.swift */ = {isa = PBXFileReference; lastKnownFileType = sourcecode.swift; path = NetworkLogger.swift; sourceTree = "<group>"; };
/* End PBXFileReference section */

/* Begin PBXFrameworksBuildPhase section */
		853F12B92A9823E700D46F0A /* Frameworks */ = {
			isa = PBXFrameworksBuildPhase;
			buildActionMask = 2147483647;
			files = (
			);
			runOnlyForDeploymentPostprocessing = 0;
		};
		853F12CF2A9823E800D46F0A /* Frameworks */ = {
			isa = PBXFrameworksBuildPhase;
			buildActionMask = 2147483647;
			files = (
			);
			runOnlyForDeploymentPostprocessing = 0;
		};
		853F12D92A9823E800D46F0A /* Frameworks */ = {
			isa = PBXFrameworksBuildPhase;
			buildActionMask = 2147483647;
			files = (
			);
			runOnlyForDeploymentPostprocessing = 0;
		};
/* End PBXFrameworksBuildPhase section */

/* Begin PBXGroup section */
		85208BB22AAA2FEF00127E3E /* Core */ = {
			isa = PBXGroup;
			children = (
				85208BB32AAA2FF700127E3E /* Http */,
			);
			path = Core;
			sourceTree = "<group>";
		};
		85208BB32AAA2FF700127E3E /* Http */ = {
			isa = PBXGroup;
			children = (
				85208BC22AAA35F200127E3E /* Extensions */,
				85208BB92AAA32FB00127E3E /* Service */,
				85208BB42AAA300200127E3E /* Model */,
				8557226A2AAFC4AA006FFD0A /* HttpMethod.swift */,
				8557226C2AAFC4E1006FFD0A /* NetworkLayer.swift */,
			);
			path = Http;
			sourceTree = "<group>";
		};
		85208BB42AAA300200127E3E /* Model */ = {
			isa = PBXGroup;
			children = (
				85208BB72AAA303E00127E3E /* HTTPStatusCode.swift */,
				85208BD02AAA453E00127E3E /* NetworkError.swift */,
				8557226E2AAFC670006FFD0A /* Endpoint.swift */,
			);
			path = Model;
			sourceTree = "<group>";
		};
		85208BB92AAA32FB00127E3E /* Service */ = {
			isa = PBXGroup;
			children = (
				85208BCE2AAA439300127E3E /* ServiceManager.swift */,
				855722702AAFD6E2006FFD0A /* RequestBuilder.swift */,
				855722722AAFD77F006FFD0A /* DefaultRequestBuilder.swift */,
				855722752AAFDE14006FFD0A /* NetworkLogger.swift */,
			);
			path = Service;
			sourceTree = "<group>";
		};
		85208BC22AAA35F200127E3E /* Extensions */ = {
			isa = PBXGroup;
			children = (
				85208BC42AAA360900127E3E /* Data+Extension.swift */,
				85208BC62AAA362600127E3E /* String+Extension.swift */,
				85208BC82AAA365400127E3E /* UIColor+Extension.swift */,
				85208BCA2AAA368300127E3E /* UIFont+Extension.swift */,
				85208BCC2AAA369500127E3E /* UIImage+Extension.swift */,
			);
			path = Extensions;
			sourceTree = "<group>";
		};
		853F12B32A9823E700D46F0A = {
			isa = PBXGroup;
			children = (
				853F12BE2A9823E700D46F0A /* movies_app */,
				853F12D52A9823E800D46F0A /* movies_appTests */,
				853F12DF2A9823E800D46F0A /* movies_appUITests */,
				853F12BD2A9823E700D46F0A /* Products */,
			);
			sourceTree = "<group>";
		};
		853F12BD2A9823E700D46F0A /* Products */ = {
			isa = PBXGroup;
			children = (
				853F12BC2A9823E700D46F0A /* movies_app.app */,
				853F12D22A9823E800D46F0A /* movies_appTests.xctest */,
				853F12DC2A9823E800D46F0A /* movies_appUITests.xctest */,
			);
			name = Products;
			sourceTree = "<group>";
		};
		853F12BE2A9823E700D46F0A /* movies_app */ = {
			isa = PBXGroup;
			children = (
				85208BB22AAA2FEF00127E3E /* Core */,
				853F12FB2A98364400D46F0A /* Models */,
				853F12F32A982C7B00D46F0A /* Home */,
				853F12F02A98257500D46F0A /* Splash */,
				853F12EF2A98256900D46F0A /* Movies */,
				853F12BF2A9823E700D46F0A /* AppDelegate.swift */,
				853F12C12A9823E700D46F0A /* SceneDelegate.swift */,
				853F12C82A9823E800D46F0A /* Assets.xcassets */,
				853F12CA2A9823E800D46F0A /* LaunchScreen.storyboard */,
				853F12CD2A9823E800D46F0A /* Info.plist */,
			);
			path = movies_app;
			sourceTree = "<group>";
		};
		853F12D52A9823E800D46F0A /* movies_appTests */ = {
			isa = PBXGroup;
			children = (
				853F12D62A9823E800D46F0A /* movies_appTests.swift */,
			);
			path = movies_appTests;
			sourceTree = "<group>";
		};
		853F12DF2A9823E800D46F0A /* movies_appUITests */ = {
			isa = PBXGroup;
			children = (
				853F12E02A9823E800D46F0A /* movies_appUITests.swift */,
				853F12E22A9823E800D46F0A /* movies_appUITestsLaunchTests.swift */,
			);
			path = movies_appUITests;
			sourceTree = "<group>";
		};
		853F12EF2A98256900D46F0A /* Movies */ = {
			isa = PBXGroup;
			children = (
			);
			path = Movies;
			sourceTree = "<group>";
		};
		853F12F02A98257500D46F0A /* Splash */ = {
			isa = PBXGroup;
			children = (
				853F12C32A9823E700D46F0A /* SplashController.swift */,
				853F12F12A98266600D46F0A /* SplashScreen.swift */,
			);
			path = Splash;
			sourceTree = "<group>";
		};
		853F12F32A982C7B00D46F0A /* Home */ = {
			isa = PBXGroup;
			children = (
				853F12FA2A98363B00D46F0A /* Services */,
				853F12F42A982C8D00D46F0A /* HomeScreen.swift */,
				853F12F62A982CC400D46F0A /* HomeViewController.swift */,
				853F12F82A9831B400D46F0A /* HomeViewModel.swift */,
			);
			path = Home;
			sourceTree = "<group>";
		};
		853F12FA2A98363B00D46F0A /* Services */ = {
			isa = PBXGroup;
			children = (
				853F12FC2A98375500D46F0A /* HomeServices.swift */,
			);
			path = Services;
			sourceTree = "<group>";
		};
		853F12FB2A98364400D46F0A /* Models */ = {
			isa = PBXGroup;
			children = (
			);
			path = Models;
			sourceTree = "<group>";
		};
/* End PBXGroup section */

/* Begin PBXNativeTarget section */
		853F12BB2A9823E700D46F0A /* movies_app */ = {
			isa = PBXNativeTarget;
			buildConfigurationList = 853F12E62A9823E800D46F0A /* Build configuration list for PBXNativeTarget "movies_app" */;
			buildPhases = (
				853F12B82A9823E700D46F0A /* Sources */,
				853F12B92A9823E700D46F0A /* Frameworks */,
				853F12BA2A9823E700D46F0A /* Resources */,
			);
			buildRules = (
			);
			dependencies = (
			);
			name = movies_app;
			productName = movies_app;
			productReference = 853F12BC2A9823E700D46F0A /* movies_app.app */;
			productType = "com.apple.product-type.application";
		};
		853F12D12A9823E800D46F0A /* movies_appTests */ = {
			isa = PBXNativeTarget;
			buildConfigurationList = 853F12E92A9823E800D46F0A /* Build configuration list for PBXNativeTarget "movies_appTests" */;
			buildPhases = (
				853F12CE2A9823E800D46F0A /* Sources */,
				853F12CF2A9823E800D46F0A /* Frameworks */,
				853F12D02A9823E800D46F0A /* Resources */,
			);
			buildRules = (
			);
			dependencies = (
				853F12D42A9823E800D46F0A /* PBXTargetDependency */,
			);
			name = movies_appTests;
			productName = movies_appTests;
			productReference = 853F12D22A9823E800D46F0A /* movies_appTests.xctest */;
			productType = "com.apple.product-type.bundle.unit-test";
		};
		853F12DB2A9823E800D46F0A /* movies_appUITests */ = {
			isa = PBXNativeTarget;
			buildConfigurationList = 853F12EC2A9823E800D46F0A /* Build configuration list for PBXNativeTarget "movies_appUITests" */;
			buildPhases = (
				853F12D82A9823E800D46F0A /* Sources */,
				853F12D92A9823E800D46F0A /* Frameworks */,
				853F12DA2A9823E800D46F0A /* Resources */,
			);
			buildRules = (
			);
			dependencies = (
				853F12DE2A9823E800D46F0A /* PBXTargetDependency */,
			);
			name = movies_appUITests;
			productName = movies_appUITests;
			productReference = 853F12DC2A9823E800D46F0A /* movies_appUITests.xctest */;
			productType = "com.apple.product-type.bundle.ui-testing";
		};
/* End PBXNativeTarget section */

/* Begin PBXProject section */
		853F12B42A9823E700D46F0A /* Project object */ = {
			isa = PBXProject;
			attributes = {
				BuildIndependentTargetsInParallel = 1;
				LastSwiftUpdateCheck = 1420;
				LastUpgradeCheck = 1420;
				TargetAttributes = {
					853F12BB2A9823E700D46F0A = {
						CreatedOnToolsVersion = 14.2;
					};
					853F12D12A9823E800D46F0A = {
						CreatedOnToolsVersion = 14.2;
						TestTargetID = 853F12BB2A9823E700D46F0A;
					};
					853F12DB2A9823E800D46F0A = {
						CreatedOnToolsVersion = 14.2;
						TestTargetID = 853F12BB2A9823E700D46F0A;
					};
				};
			};
			buildConfigurationList = 853F12B72A9823E700D46F0A /* Build configuration list for PBXProject "movies_app" */;
			compatibilityVersion = "Xcode 14.0";
			developmentRegion = en;
			hasScannedForEncodings = 0;
			knownRegions = (
				en,
				Base,
			);
			mainGroup = 853F12B32A9823E700D46F0A;
			productRefGroup = 853F12BD2A9823E700D46F0A /* Products */;
			projectDirPath = "";
			projectRoot = "";
			targets = (
				853F12BB2A9823E700D46F0A /* movies_app */,
				853F12D12A9823E800D46F0A /* movies_appTests */,
				853F12DB2A9823E800D46F0A /* movies_appUITests */,
			);
		};
/* End PBXProject section */

/* Begin PBXResourcesBuildPhase section */
		853F12BA2A9823E700D46F0A /* Resources */ = {
			isa = PBXResourcesBuildPhase;
			buildActionMask = 2147483647;
			files = (
				853F12CC2A9823E800D46F0A /* LaunchScreen.storyboard in Resources */,
				853F12C92A9823E800D46F0A /* Assets.xcassets in Resources */,
			);
			runOnlyForDeploymentPostprocessing = 0;
		};
		853F12D02A9823E800D46F0A /* Resources */ = {
			isa = PBXResourcesBuildPhase;
			buildActionMask = 2147483647;
			files = (
			);
			runOnlyForDeploymentPostprocessing = 0;
		};
		853F12DA2A9823E800D46F0A /* Resources */ = {
			isa = PBXResourcesBuildPhase;
			buildActionMask = 2147483647;
			files = (
			);
			runOnlyForDeploymentPostprocessing = 0;
		};
/* End PBXResourcesBuildPhase section */

/* Begin PBXSourcesBuildPhase section */
		853F12B82A9823E700D46F0A /* Sources */ = {
			isa = PBXSourcesBuildPhase;
			buildActionMask = 2147483647;
			files = (
				8557226D2AAFC4E1006FFD0A /* NetworkLayer.swift in Sources */,
				85208BD12AAA453E00127E3E /* NetworkError.swift in Sources */,
				85208BC72AAA362600127E3E /* String+Extension.swift in Sources */,
				85208BB82AAA303E00127E3E /* HTTPStatusCode.swift in Sources */,
				85208BC52AAA360900127E3E /* Data+Extension.swift in Sources */,
				85208BC92AAA365400127E3E /* UIColor+Extension.swift in Sources */,
				85208BCB2AAA368300127E3E /* UIFont+Extension.swift in Sources */,
				853F12F22A98266600D46F0A /* SplashScreen.swift in Sources */,
				853F12F52A982C8D00D46F0A /* HomeScreen.swift in Sources */,
				8557226B2AAFC4AA006FFD0A /* HttpMethod.swift in Sources */,
				855722762AAFDE14006FFD0A /* NetworkLogger.swift in Sources */,
				853F12FD2A98375500D46F0A /* HomeServices.swift in Sources */,
				853F12F92A9831B400D46F0A /* HomeViewModel.swift in Sources */,
				8557226F2AAFC670006FFD0A /* Endpoint.swift in Sources */,
				853F12C42A9823E700D46F0A /* SplashController.swift in Sources */,
				853F12C02A9823E700D46F0A /* AppDelegate.swift in Sources */,
				855722712AAFD6E2006FFD0A /* RequestBuilder.swift in Sources */,
				853F12C22A9823E700D46F0A /* SceneDelegate.swift in Sources */,
				855722732AAFD77F006FFD0A /* DefaultRequestBuilder.swift in Sources */,
				85208BCD2AAA369500127E3E /* UIImage+Extension.swift in Sources */,
				853F12F72A982CC400D46F0A /* HomeViewController.swift in Sources */,
				85208BCF2AAA439300127E3E /* ServiceManager.swift in Sources */,
			);
			runOnlyForDeploymentPostprocessing = 0;
		};
		853F12CE2A9823E800D46F0A /* Sources */ = {
			isa = PBXSourcesBuildPhase;
			buildActionMask = 2147483647;
			files = (
				853F12D72A9823E800D46F0A /* movies_appTests.swift in Sources */,
			);
			runOnlyForDeploymentPostprocessing = 0;
		};
		853F12D82A9823E800D46F0A /* Sources */ = {
			isa = PBXSourcesBuildPhase;
			buildActionMask = 2147483647;
			files = (
				853F12E12A9823E800D46F0A /* movies_appUITests.swift in Sources */,
				853F12E32A9823E800D46F0A /* movies_appUITestsLaunchTests.swift in Sources */,
			);
			runOnlyForDeploymentPostprocessing = 0;
		};
/* End PBXSourcesBuildPhase section */

/* Begin PBXTargetDependency section */
		853F12D42A9823E800D46F0A /* PBXTargetDependency */ = {
			isa = PBXTargetDependency;
			target = 853F12BB2A9823E700D46F0A /* movies_app */;
			targetProxy = 853F12D32A9823E800D46F0A /* PBXContainerItemProxy */;
		};
		853F12DE2A9823E800D46F0A /* PBXTargetDependency */ = {
			isa = PBXTargetDependency;
			target = 853F12BB2A9823E700D46F0A /* movies_app */;
			targetProxy = 853F12DD2A9823E800D46F0A /* PBXContainerItemProxy */;
		};
/* End PBXTargetDependency section */

/* Begin PBXVariantGroup section */
		853F12CA2A9823E800D46F0A /* LaunchScreen.storyboard */ = {
			isa = PBXVariantGroup;
			children = (
				853F12CB2A9823E800D46F0A /* Base */,
			);
			name = LaunchScreen.storyboard;
			sourceTree = "<group>";
		};
/* End PBXVariantGroup section */

/* Begin XCBuildConfiguration section */
		853F12E42A9823E800D46F0A /* Debug */ = {
			isa = XCBuildConfiguration;
			buildSettings = {
				ALWAYS_SEARCH_USER_PATHS = NO;
				CLANG_ANALYZER_NONNULL = YES;
				CLANG_ANALYZER_NUMBER_OBJECT_CONVERSION = YES_AGGRESSIVE;
				CLANG_CXX_LANGUAGE_STANDARD = "gnu++20";
				CLANG_ENABLE_MODULES = YES;
				CLANG_ENABLE_OBJC_ARC = YES;
				CLANG_ENABLE_OBJC_WEAK = YES;
				CLANG_WARN_BLOCK_CAPTURE_AUTORELEASING = YES;
				CLANG_WARN_BOOL_CONVERSION = YES;
				CLANG_WARN_COMMA = YES;
				CLANG_WARN_CONSTANT_CONVERSION = YES;
				CLANG_WARN_DEPRECATED_OBJC_IMPLEMENTATIONS = YES;
				CLANG_WARN_DIRECT_OBJC_ISA_USAGE = YES_ERROR;
				CLANG_WARN_DOCUMENTATION_COMMENTS = YES;
				CLANG_WARN_EMPTY_BODY = YES;
				CLANG_WARN_ENUM_CONVERSION = YES;
				CLANG_WARN_INFINITE_RECURSION = YES;
				CLANG_WARN_INT_CONVERSION = YES;
				CLANG_WARN_NON_LITERAL_NULL_CONVERSION = YES;
				CLANG_WARN_OBJC_IMPLICIT_RETAIN_SELF = YES;
				CLANG_WARN_OBJC_LITERAL_CONVERSION = YES;
				CLANG_WARN_OBJC_ROOT_CLASS = YES_ERROR;
				CLANG_WARN_QUOTED_INCLUDE_IN_FRAMEWORK_HEADER = YES;
				CLANG_WARN_RANGE_LOOP_ANALYSIS = YES;
				CLANG_WARN_STRICT_PROTOTYPES = YES;
				CLANG_WARN_SUSPICIOUS_MOVE = YES;
				CLANG_WARN_UNGUARDED_AVAILABILITY = YES_AGGRESSIVE;
				CLANG_WARN_UNREACHABLE_CODE = YES;
				CLANG_WARN__DUPLICATE_METHOD_MATCH = YES;
				COPY_PHASE_STRIP = NO;
				DEBUG_INFORMATION_FORMAT = dwarf;
				ENABLE_STRICT_OBJC_MSGSEND = YES;
				ENABLE_TESTABILITY = YES;
				GCC_C_LANGUAGE_STANDARD = gnu11;
				GCC_DYNAMIC_NO_PIC = NO;
				GCC_NO_COMMON_BLOCKS = YES;
				GCC_OPTIMIZATION_LEVEL = 0;
				GCC_PREPROCESSOR_DEFINITIONS = (
					"DEBUG=1",
					"$(inherited)",
				);
				GCC_WARN_64_TO_32_BIT_CONVERSION = YES;
				GCC_WARN_ABOUT_RETURN_TYPE = YES_ERROR;
				GCC_WARN_UNDECLARED_SELECTOR = YES;
				GCC_WARN_UNINITIALIZED_AUTOS = YES_AGGRESSIVE;
				GCC_WARN_UNUSED_FUNCTION = YES;
				GCC_WARN_UNUSED_VARIABLE = YES;
				IPHONEOS_DEPLOYMENT_TARGET = 16.2;
				MTL_ENABLE_DEBUG_INFO = INCLUDE_SOURCE;
				MTL_FAST_MATH = YES;
				ONLY_ACTIVE_ARCH = YES;
				SDKROOT = iphoneos;
				SWIFT_ACTIVE_COMPILATION_CONDITIONS = DEBUG;
				SWIFT_OPTIMIZATION_LEVEL = "-Onone";
			};
			name = Debug;
		};
		853F12E52A9823E800D46F0A /* Release */ = {
			isa = XCBuildConfiguration;
			buildSettings = {
				ALWAYS_SEARCH_USER_PATHS = NO;
				CLANG_ANALYZER_NONNULL = YES;
				CLANG_ANALYZER_NUMBER_OBJECT_CONVERSION = YES_AGGRESSIVE;
				CLANG_CXX_LANGUAGE_STANDARD = "gnu++20";
				CLANG_ENABLE_MODULES = YES;
				CLANG_ENABLE_OBJC_ARC = YES;
				CLANG_ENABLE_OBJC_WEAK = YES;
				CLANG_WARN_BLOCK_CAPTURE_AUTORELEASING = YES;
				CLANG_WARN_BOOL_CONVERSION = YES;
				CLANG_WARN_COMMA = YES;
				CLANG_WARN_CONSTANT_CONVERSION = YES;
				CLANG_WARN_DEPRECATED_OBJC_IMPLEMENTATIONS = YES;
				CLANG_WARN_DIRECT_OBJC_ISA_USAGE = YES_ERROR;
				CLANG_WARN_DOCUMENTATION_COMMENTS = YES;
				CLANG_WARN_EMPTY_BODY = YES;
				CLANG_WARN_ENUM_CONVERSION = YES;
				CLANG_WARN_INFINITE_RECURSION = YES;
				CLANG_WARN_INT_CONVERSION = YES;
				CLANG_WARN_NON_LITERAL_NULL_CONVERSION = YES;
				CLANG_WARN_OBJC_IMPLICIT_RETAIN_SELF = YES;
				CLANG_WARN_OBJC_LITERAL_CONVERSION = YES;
				CLANG_WARN_OBJC_ROOT_CLASS = YES_ERROR;
				CLANG_WARN_QUOTED_INCLUDE_IN_FRAMEWORK_HEADER = YES;
				CLANG_WARN_RANGE_LOOP_ANALYSIS = YES;
				CLANG_WARN_STRICT_PROTOTYPES = YES;
				CLANG_WARN_SUSPICIOUS_MOVE = YES;
				CLANG_WARN_UNGUARDED_AVAILABILITY = YES_AGGRESSIVE;
				CLANG_WARN_UNREACHABLE_CODE = YES;
				CLANG_WARN__DUPLICATE_METHOD_MATCH = YES;
				COPY_PHASE_STRIP = NO;
				DEBUG_INFORMATION_FORMAT = "dwarf-with-dsym";
				ENABLE_NS_ASSERTIONS = NO;
				ENABLE_STRICT_OBJC_MSGSEND = YES;
				GCC_C_LANGUAGE_STANDARD = gnu11;
				GCC_NO_COMMON_BLOCKS = YES;
				GCC_WARN_64_TO_32_BIT_CONVERSION = YES;
				GCC_WARN_ABOUT_RETURN_TYPE = YES_ERROR;
				GCC_WARN_UNDECLARED_SELECTOR = YES;
				GCC_WARN_UNINITIALIZED_AUTOS = YES_AGGRESSIVE;
				GCC_WARN_UNUSED_FUNCTION = YES;
				GCC_WARN_UNUSED_VARIABLE = YES;
				IPHONEOS_DEPLOYMENT_TARGET = 16.2;
				MTL_ENABLE_DEBUG_INFO = NO;
				MTL_FAST_MATH = YES;
				SDKROOT = iphoneos;
				SWIFT_COMPILATION_MODE = wholemodule;
				SWIFT_OPTIMIZATION_LEVEL = "-O";
				VALIDATE_PRODUCT = YES;
			};
			name = Release;
		};
		853F12E72A9823E800D46F0A /* Debug */ = {
			isa = XCBuildConfiguration;
			buildSettings = {
				ASSETCATALOG_COMPILER_APPICON_NAME = AppIcon;
				ASSETCATALOG_COMPILER_GLOBAL_ACCENT_COLOR_NAME = AccentColor;
				CODE_SIGN_STYLE = Automatic;
				CURRENT_PROJECT_VERSION = 1;
				DEVELOPMENT_TEAM = BX33GF2T6S;
				GENERATE_INFOPLIST_FILE = YES;
				INFOPLIST_FILE = movies_app/Info.plist;
				INFOPLIST_KEY_UIApplicationSupportsIndirectInputEvents = YES;
				INFOPLIST_KEY_UILaunchStoryboardName = LaunchScreen;
				INFOPLIST_KEY_UIMainStoryboardFile = "";
				INFOPLIST_KEY_UISupportedInterfaceOrientations_iPad = "UIInterfaceOrientationPortrait UIInterfaceOrientationPortraitUpsideDown UIInterfaceOrientationLandscapeLeft UIInterfaceOrientationLandscapeRight";
				INFOPLIST_KEY_UISupportedInterfaceOrientations_iPhone = "UIInterfaceOrientationPortrait UIInterfaceOrientationLandscapeLeft UIInterfaceOrientationLandscapeRight";
				LD_RUNPATH_SEARCH_PATHS = (
					"$(inherited)",
					"@executable_path/Frameworks",
				);
				MARKETING_VERSION = 1.0;
				PRODUCT_BUNDLE_IDENTIFIER = "guusta-dev.movies-app";
				PRODUCT_NAME = "$(TARGET_NAME)";
				SWIFT_EMIT_LOC_STRINGS = YES;
				SWIFT_VERSION = 5.0;
				TARGETED_DEVICE_FAMILY = "1,2";
			};
			name = Debug;
		};
		853F12E82A9823E800D46F0A /* Release */ = {
			isa = XCBuildConfiguration;
			buildSettings = {
				ASSETCATALOG_COMPILER_APPICON_NAME = AppIcon;
				ASSETCATALOG_COMPILER_GLOBAL_ACCENT_COLOR_NAME = AccentColor;
				CODE_SIGN_STYLE = Automatic;
				CURRENT_PROJECT_VERSION = 1;
				DEVELOPMENT_TEAM = BX33GF2T6S;
				GENERATE_INFOPLIST_FILE = YES;
				INFOPLIST_FILE = movies_app/Info.plist;
				INFOPLIST_KEY_UIApplicationSupportsIndirectInputEvents = YES;
				INFOPLIST_KEY_UILaunchStoryboardName = LaunchScreen;
				INFOPLIST_KEY_UIMainStoryboardFile = "";
				INFOPLIST_KEY_UISupportedInterfaceOrientations_iPad = "UIInterfaceOrientationPortrait UIInterfaceOrientationPortraitUpsideDown UIInterfaceOrientationLandscapeLeft UIInterfaceOrientationLandscapeRight";
				INFOPLIST_KEY_UISupportedInterfaceOrientations_iPhone = "UIInterfaceOrientationPortrait UIInterfaceOrientationLandscapeLeft UIInterfaceOrientationLandscapeRight";
				LD_RUNPATH_SEARCH_PATHS = (
					"$(inherited)",
					"@executable_path/Frameworks",
				);
				MARKETING_VERSION = 1.0;
				PRODUCT_BUNDLE_IDENTIFIER = "guusta-dev.movies-app";
				PRODUCT_NAME = "$(TARGET_NAME)";
				SWIFT_EMIT_LOC_STRINGS = YES;
				SWIFT_VERSION = 5.0;
				TARGETED_DEVICE_FAMILY = "1,2";
			};
			name = Release;
		};
		853F12EA2A9823E800D46F0A /* Debug */ = {
			isa = XCBuildConfiguration;
			buildSettings = {
				ALWAYS_EMBED_SWIFT_STANDARD_LIBRARIES = YES;
				BUNDLE_LOADER = "$(TEST_HOST)";
				CODE_SIGN_STYLE = Automatic;
				CURRENT_PROJECT_VERSION = 1;
				DEVELOPMENT_TEAM = BX33GF2T6S;
				GENERATE_INFOPLIST_FILE = YES;
				IPHONEOS_DEPLOYMENT_TARGET = 16.2;
				MARKETING_VERSION = 1.0;
				PRODUCT_BUNDLE_IDENTIFIER = "guusta-dev.movies-appTests";
				PRODUCT_NAME = "$(TARGET_NAME)";
				SWIFT_EMIT_LOC_STRINGS = NO;
				SWIFT_VERSION = 5.0;
				TARGETED_DEVICE_FAMILY = "1,2";
				TEST_HOST = "$(BUILT_PRODUCTS_DIR)/movies_app.app/$(BUNDLE_EXECUTABLE_FOLDER_PATH)/movies_app";
			};
			name = Debug;
		};
		853F12EB2A9823E800D46F0A /* Release */ = {
			isa = XCBuildConfiguration;
			buildSettings = {
				ALWAYS_EMBED_SWIFT_STANDARD_LIBRARIES = YES;
				BUNDLE_LOADER = "$(TEST_HOST)";
				CODE_SIGN_STYLE = Automatic;
				CURRENT_PROJECT_VERSION = 1;
				DEVELOPMENT_TEAM = BX33GF2T6S;
				GENERATE_INFOPLIST_FILE = YES;
				IPHONEOS_DEPLOYMENT_TARGET = 16.2;
				MARKETING_VERSION = 1.0;
				PRODUCT_BUNDLE_IDENTIFIER = "guusta-dev.movies-appTests";
				PRODUCT_NAME = "$(TARGET_NAME)";
				SWIFT_EMIT_LOC_STRINGS = NO;
				SWIFT_VERSION = 5.0;
				TARGETED_DEVICE_FAMILY = "1,2";
				TEST_HOST = "$(BUILT_PRODUCTS_DIR)/movies_app.app/$(BUNDLE_EXECUTABLE_FOLDER_PATH)/movies_app";
			};
			name = Release;
		};
		853F12ED2A9823E800D46F0A /* Debug */ = {
			isa = XCBuildConfiguration;
			buildSettings = {
				ALWAYS_EMBED_SWIFT_STANDARD_LIBRARIES = YES;
				CODE_SIGN_STYLE = Automatic;
				CURRENT_PROJECT_VERSION = 1;
				DEVELOPMENT_TEAM = BX33GF2T6S;
				GENERATE_INFOPLIST_FILE = YES;
				MARKETING_VERSION = 1.0;
				PRODUCT_BUNDLE_IDENTIFIER = "guusta-dev.movies-appUITests";
				PRODUCT_NAME = "$(TARGET_NAME)";
				SWIFT_EMIT_LOC_STRINGS = NO;
				SWIFT_VERSION = 5.0;
				TARGETED_DEVICE_FAMILY = "1,2";
				TEST_TARGET_NAME = movies_app;
			};
			name = Debug;
		};
		853F12EE2A9823E800D46F0A /* Release */ = {
			isa = XCBuildConfiguration;
			buildSettings = {
				ALWAYS_EMBED_SWIFT_STANDARD_LIBRARIES = YES;
				CODE_SIGN_STYLE = Automatic;
				CURRENT_PROJECT_VERSION = 1;
				DEVELOPMENT_TEAM = BX33GF2T6S;
				GENERATE_INFOPLIST_FILE = YES;
				MARKETING_VERSION = 1.0;
				PRODUCT_BUNDLE_IDENTIFIER = "guusta-dev.movies-appUITests";
				PRODUCT_NAME = "$(TARGET_NAME)";
				SWIFT_EMIT_LOC_STRINGS = NO;
				SWIFT_VERSION = 5.0;
				TARGETED_DEVICE_FAMILY = "1,2";
				TEST_TARGET_NAME = movies_app;
			};
			name = Release;
		};
/* End XCBuildConfiguration section */

/* Begin XCConfigurationList section */
		853F12B72A9823E700D46F0A /* Build configuration list for PBXProject "movies_app" */ = {
			isa = XCConfigurationList;
			buildConfigurations = (
				853F12E42A9823E800D46F0A /* Debug */,
				853F12E52A9823E800D46F0A /* Release */,
			);
			defaultConfigurationIsVisible = 0;
			defaultConfigurationName = Release;
		};
		853F12E62A9823E800D46F0A /* Build configuration list for PBXNativeTarget "movies_app" */ = {
			isa = XCConfigurationList;
			buildConfigurations = (
				853F12E72A9823E800D46F0A /* Debug */,
				853F12E82A9823E800D46F0A /* Release */,
			);
			defaultConfigurationIsVisible = 0;
			defaultConfigurationName = Release;
		};
		853F12E92A9823E800D46F0A /* Build configuration list for PBXNativeTarget "movies_appTests" */ = {
			isa = XCConfigurationList;
			buildConfigurations = (
				853F12EA2A9823E800D46F0A /* Debug */,
				853F12EB2A9823E800D46F0A /* Release */,
			);
			defaultConfigurationIsVisible = 0;
			defaultConfigurationName = Release;
		};
		853F12EC2A9823E800D46F0A /* Build configuration list for PBXNativeTarget "movies_appUITests" */ = {
			isa = XCConfigurationList;
			buildConfigurations = (
				853F12ED2A9823E800D46F0A /* Debug */,
				853F12EE2A9823E800D46F0A /* Release */,
			);
			defaultConfigurationIsVisible = 0;
			defaultConfigurationName = Release;
		};
/* End XCConfigurationList section */
	};
	rootObject = 853F12B42A9823E700D46F0A /* Project object */;
}
